
Microsoft Visual Studio Solution File, Format Version 12.00
# Visual Studio Version 17
VisualStudioVersion = 17.9.34607.119
MinimumVisualStudioVersion = 10.0.40219.1
Project("{FAE04EC0-301F-11D3-BF4B-00C04F79EFBC}") = "agar", "agar\agar.csproj", "{7726673D-90B3-4801-9B53-99EF349D7680}"
EndProject
Global
	GlobalSection(SolutionConfigurationPlatforms) = preSolution
		Debug|Any CPU = Debug|Any CPU
		Release|Any CPU = Release|Any CPU
	EndGlobalSection
	GlobalSection(ProjectConfigurationPlatforms) = postSolution
		{7726673D-90B3-4801-9B53-99EF349D7680}.Debug|Any CPU.ActiveCfg = Debug|Any CPU
		{7726673D-90B3-4801-9B53-99EF349D7680}.Debug|Any CPU.Build.0 = Debug|Any CPU
		{7726673D-90B3-4801-9B53-99EF349D7680}.Release|Any CPU.ActiveCfg = Release|Any CPU
		{7726673D-90B3-4801-9B53-99EF349D7680}.Release|Any CPU.Build.0 = Release|Any CPU
	EndGlobalSection
	GlobalSection(SolutionProperties) = preSolution
		HideSolutionNode = FALSE
	EndGlobalSection
	GlobalSection(ExtensibilityGlobals) = postSolution
		SolutionGuid = {0925FD0D-3DCC-4D1C-AB50-0EC13E434A37}
	EndGlobalSection
EndGlobal
